// !$*UTF8*$!
{
	archiveVersion = 1;
	classes = {
	};
	objectVersion = 56;
	objects = {

/* Begin PBXBuildFile section */
		4F00508E2D4837BA0072C84F /* IgCloneApp.swift in Sources */ = {isa = PBXBuildFile; fileRef = 4F00508D2D4837BA0072C84F /* IgCloneApp.swift */; };
		4F0050902D4837BA0072C84F /* ContentView.swift in Sources */ = {isa = PBXBuildFile; fileRef = 4F00508F2D4837BA0072C84F /* ContentView.swift */; };
		4F0050922D4837BC0072C84F /* Assets.xcassets in Resources */ = {isa = PBXBuildFile; fileRef = 4F0050912D4837BC0072C84F /* Assets.xcassets */; };
		4F0050952D4837BC0072C84F /* Preview Assets.xcassets in Resources */ = {isa = PBXBuildFile; fileRef = 4F0050942D4837BC0072C84F /* Preview Assets.xcassets */; };
		4F0050A32D4959B20072C84F /* Screens.swift in Sources */ = {isa = PBXBuildFile; fileRef = 4F0050A22D4959B20072C84F /* Screens.swift */; };
		4F0050A52D4963C80072C84F /* TabBarView.swift in Sources */ = {isa = PBXBuildFile; fileRef = 4F0050A42D4963C80072C84F /* TabBarView.swift */; };
/* End PBXBuildFile section */

/* Begin PBXFileReference section */
		4F00508A2D4837BA0072C84F /* IgClone.app */ = {isa = PBXFileReference; explicitFileType = wrapper.application; includeInIndex = 0; path = IgClone.app; sourceTree = BUILT_PRODUCTS_DIR; };
		4F00508D2D4837BA0072C84F /* IgCloneApp.swift */ = {isa = PBXFileReference; lastKnownFileType = sourcecode.swift; path = IgCloneApp.swift; sourceTree = "<group>"; };
		4F00508F2D4837BA0072C84F /* ContentView.swift */ = {isa = PBXFileReference; lastKnownFileType = sourcecode.swift; path = ContentView.swift; sourceTree = "<group>"; };
		4F0050912D4837BC0072C84F /* Assets.xcassets */ = {isa = PBXFileReference; lastKnownFileType = folder.assetcatalog; path = Assets.xcassets; sourceTree = "<group>"; };
		4F0050942D4837BC0072C84F /* Preview Assets.xcassets */ = {isa = PBXFileReference; lastKnownFileType = folder.assetcatalog; path = "Preview Assets.xcassets"; sourceTree = "<group>"; };
		4F0050A22D4959B20072C84F /* Screens.swift */ = {isa = PBXFileReference; fileEncoding = 4; lastKnownFileType = sourcecode.swift; path = Screens.swift; sourceTree = "<group>"; };
		4F0050A42D4963C80072C84F /* TabBarView.swift */ = {isa = PBXFileReference; fileEncoding = 4; lastKnownFileType = sourcecode.swift; path = TabBarView.swift; sourceTree = "<group>"; };
/* End PBXFileReference section */

/* Begin PBXFrameworksBuildPhase section */
		4F0050872D4837BA0072C84F /* Frameworks */ = {
			isa = PBXFrameworksBuildPhase;
			buildActionMask = 2147483647;
			files = (
			);
			runOnlyForDeploymentPostprocessing = 0;
		};
/* End PBXFrameworksBuildPhase section */

/* Begin PBXGroup section */
		4F0050812D4837BA0072C84F = {
			isa = PBXGroup;
			children = (
				4F00508C2D4837BA0072C84F /* IgClone */,
				4F00508B2D4837BA0072C84F /* Products */,
			);
			sourceTree = "<group>";
		};
		4F00508B2D4837BA0072C84F /* Products */ = {
			isa = PBXGroup;
			children = (
				4F00508A2D4837BA0072C84F /* IgClone.app */,
			);
			name = Products;
			sourceTree = "<group>";
		};
		4F00508C2D4837BA0072C84F /* IgClone */ = {
			isa = PBXGroup;
			children = (
				4F0050A12D49596C0072C84F /* Domain */,
				4F0050A02D4959620072C84F /* Presentation */,
				4F00509F2D49595C0072C84F /* Data */,
				4F00509E2D4958A40072C84F /* Application */,
				4F0050912D4837BC0072C84F /* Assets.xcassets */,
				4F0050932D4837BC0072C84F /* Preview Content */,
			);
			path = IgClone;
			sourceTree = "<group>";
		};
		4F0050932D4837BC0072C84F /* Preview Content */ = {
			isa = PBXGroup;
			children = (
				4F0050942D4837BC0072C84F /* Preview Assets.xcassets */,
			);
			path = "Preview Content";
			sourceTree = "<group>";
		};
		4F00509B2D4958780072C84F /* ViewModel */ = {
			isa = PBXGroup;
			children = (
			);
			path = ViewModel;
			sourceTree = "<group>";
		};
		4F00509C2D4958800072C84F /* View */ = {
			isa = PBXGroup;
			children = (
				4F0050A92D49651D0072C84F /* Plus */,
				4F0050A82D49650B0072C84F /* Search */,
				4F0050A72D4964FF0072C84F /* Home */,
				4F00508F2D4837BA0072C84F /* ContentView.swift */,
			);
			path = View;
			sourceTree = "<group>";
		};
		4F00509D2D49588F0072C84F /* Model */ = {
			isa = PBXGroup;
			children = (
			);
			path = Model;
			sourceTree = "<group>";
		};
		4F00509E2D4958A40072C84F /* Application */ = {
			isa = PBXGroup;
			children = (
				4F00508D2D4837BA0072C84F /* IgCloneApp.swift */,
			);
			path = Application;
			sourceTree = "<group>";
		};
		4F00509F2D49595C0072C84F /* Data */ = {
			isa = PBXGroup;
			children = (
				4F0050A22D4959B20072C84F /* Screens.swift */,
				4F00509D2D49588F0072C84F /* Model */,
			);
			path = Data;
			sourceTree = "<group>";
		};
		4F0050A02D4959620072C84F /* Presentation */ = {
			isa = PBXGroup;
			children = (
				4F0050A62D4963CE0072C84F /* Navigation */,
				4F00509B2D4958780072C84F /* ViewModel */,
				4F00509C2D4958800072C84F /* View */,
			);
			path = Presentation;
			sourceTree = "<group>";
		};
		4F0050A12D49596C0072C84F /* Domain */ = {
			isa = PBXGroup;
			children = (
			);
			path = Domain;
			sourceTree = "<group>";
		};
		4F0050A62D4963CE0072C84F /* Navigation */ = {
			isa = PBXGroup;
			children = (
				4F0050A42D4963C80072C84F /* TabBarView.swift */,
			);
			path = Navigation;
			sourceTree = "<group>";
		};
		4F0050A72D4964FF0072C84F /* Home */ = {
			isa = PBXGroup;
			children = (
			);
			path = Home;
			sourceTree = "<group>";
		};
		4F0050A82D49650B0072C84F /* Search */ = {
			isa = PBXGroup;
			children = (
			);
			path = Search;
			sourceTree = "<group>";
		};
		4F0050A92D49651D0072C84F /* Plus */ = {
			isa = PBXGroup;
			children = (
			);
			path = Plus;
			sourceTree = "<group>";
		};
/* End PBXGroup section */

/* Begin PBXNativeTarget section */
		4F0050892D4837BA0072C84F /* IgClone */ = {
			isa = PBXNativeTarget;
			buildConfigurationList = 4F0050982D4837BC0072C84F /* Build configuration list for PBXNativeTarget "IgClone" */;
			buildPhases = (
				4F0050862D4837BA0072C84F /* Sources */,
				4F0050872D4837BA0072C84F /* Frameworks */,
				4F0050882D4837BA0072C84F /* Resources */,
			);
			buildRules = (
			);
			dependencies = (
			);
			name = IgClone;
			productName = IgClone;
			productReference = 4F00508A2D4837BA0072C84F /* IgClone.app */;
			productType = "com.apple.product-type.application";
		};
/* End PBXNativeTarget section */

/* Begin PBXProject section */
		4F0050822D4837BA0072C84F /* Project object */ = {
			isa = PBXProject;
			attributes = {
				BuildIndependentTargetsInParallel = 1;
				LastSwiftUpdateCheck = 1400;
				LastUpgradeCheck = 1400;
				TargetAttributes = {
					4F0050892D4837BA0072C84F = {
						CreatedOnToolsVersion = 14.0;
					};
				};
			};
			buildConfigurationList = 4F0050852D4837BA0072C84F /* Build configuration list for PBXProject "IgClone" */;
			compatibilityVersion = "Xcode 14.0";
			developmentRegion = en;
			hasScannedForEncodings = 0;
			knownRegions = (
				en,
				Base,
			);
			mainGroup = 4F0050812D4837BA0072C84F;
			productRefGroup = 4F00508B2D4837BA0072C84F /* Products */;
			projectDirPath = "";
			projectRoot = "";
			targets = (
				4F0050892D4837BA0072C84F /* IgClone */,
			);
		};
/* End PBXProject section */

/* Begin PBXResourcesBuildPhase section */
		4F0050882D4837BA0072C84F /* Resources */ = {
			isa = PBXResourcesBuildPhase;
			buildActionMask = 2147483647;
			files = (
				4F0050952D4837BC0072C84F /* Preview Assets.xcassets in Resources */,
				4F0050922D4837BC0072C84F /* Assets.xcassets in Resources */,
			);
			runOnlyForDeploymentPostprocessing = 0;
		};
/* End PBXResourcesBuildPhase section */

/* Begin PBXSourcesBuildPhase section */
		4F0050862D4837BA0072C84F /* Sources */ = {
			isa = PBXSourcesBuildPhase;
			buildActionMask = 2147483647;
			files = (
				4F0050A32D4959B20072C84F /* Screens.swift in Sources */,
				4F0050902D4837BA0072C84F /* ContentView.swift in Sources */,
				4F0050A52D4963C80072C84F /* TabBarView.swift in Sources */,
				4F00508E2D4837BA0072C84F /* IgCloneApp.swift in Sources */,
			);
			runOnlyForDeploymentPostprocessing = 0;
		};
/* End PBXSourcesBuildPhase section */

/* Begin XCBuildConfiguration section */
		4F0050962D4837BC0072C84F /* Debug */ = {
			isa = XCBuildConfiguration;
			buildSettings = {
				ALWAYS_SEARCH_USER_PATHS = NO;
				CLANG_ANALYZER_NONNULL = YES;
				CLANG_ANALYZER_NUMBER_OBJECT_CONVERSION = YES_AGGRESSIVE;
				CLANG_CXX_LANGUAGE_STANDARD = "gnu++20";
				CLANG_ENABLE_MODULES = YES;
				CLANG_ENABLE_OBJC_ARC = YES;
				CLANG_ENABLE_OBJC_WEAK = YES;
				CLANG_WARN_BLOCK_CAPTURE_AUTORELEASING = YES;
				CLANG_WARN_BOOL_CONVERSION = YES;
				CLANG_WARN_COMMA = YES;
				CLANG_WARN_CONSTANT_CONVERSION = YES;
				CLANG_WARN_DEPRECATED_OBJC_IMPLEMENTATIONS = YES;
				CLANG_WARN_DIRECT_OBJC_ISA_USAGE = YES_ERROR;
				CLANG_WARN_DOCUMENTATION_COMMENTS = YES;
				CLANG_WARN_EMPTY_BODY = YES;
				CLANG_WARN_ENUM_CONVERSION = YES;
				CLANG_WARN_INFINITE_RECURSION = YES;
				CLANG_WARN_INT_CONVERSION = YES;
				CLANG_WARN_NON_LITERAL_NULL_CONVERSION = YES;
				CLANG_WARN_OBJC_IMPLICIT_RETAIN_SELF = YES;
				CLANG_WARN_OBJC_LITERAL_CONVERSION = YES;
				CLANG_WARN_OBJC_ROOT_CLASS = YES_ERROR;
				CLANG_WARN_QUOTED_INCLUDE_IN_FRAMEWORK_HEADER = YES;
				CLANG_WARN_RANGE_LOOP_ANALYSIS = YES;
				CLANG_WARN_STRICT_PROTOTYPES = YES;
				CLANG_WARN_SUSPICIOUS_MOVE = YES;
				CLANG_WARN_UNGUARDED_AVAILABILITY = YES_AGGRESSIVE;
				CLANG_WARN_UNREACHABLE_CODE = YES;
				CLANG_WARN__DUPLICATE_METHOD_MATCH = YES;
				COPY_PHASE_STRIP = NO;
				DEBUG_INFORMATION_FORMAT = dwarf;
				ENABLE_STRICT_OBJC_MSGSEND = YES;
				ENABLE_TESTABILITY = YES;
				GCC_C_LANGUAGE_STANDARD = gnu11;
				GCC_DYNAMIC_NO_PIC = NO;
				GCC_NO_COMMON_BLOCKS = YES;
				GCC_OPTIMIZATION_LEVEL = 0;
				GCC_PREPROCESSOR_DEFINITIONS = (
					"DEBUG=1",
					"$(inherited)",
				);
				GCC_WARN_64_TO_32_BIT_CONVERSION = YES;
				GCC_WARN_ABOUT_RETURN_TYPE = YES_ERROR;
				GCC_WARN_UNDECLARED_SELECTOR = YES;
				GCC_WARN_UNINITIALIZED_AUTOS = YES_AGGRESSIVE;
				GCC_WARN_UNUSED_FUNCTION = YES;
				GCC_WARN_UNUSED_VARIABLE = YES;
				IPHONEOS_DEPLOYMENT_TARGET = 16.0;
				MTL_ENABLE_DEBUG_INFO = INCLUDE_SOURCE;
				MTL_FAST_MATH = YES;
				ONLY_ACTIVE_ARCH = YES;
				SDKROOT = iphoneos;
				SWIFT_ACTIVE_COMPILATION_CONDITIONS = DEBUG;
				SWIFT_OPTIMIZATION_LEVEL = "-Onone";
			};
			name = Debug;
		};
		4F0050972D4837BC0072C84F /* Release */ = {
			isa = XCBuildConfiguration;
			buildSettings = {
				ALWAYS_SEARCH_USER_PATHS = NO;
				CLANG_ANALYZER_NONNULL = YES;
				CLANG_ANALYZER_NUMBER_OBJECT_CONVERSION = YES_AGGRESSIVE;
				CLANG_CXX_LANGUAGE_STANDARD = "gnu++20";
				CLANG_ENABLE_MODULES = YES;
				CLANG_ENABLE_OBJC_ARC = YES;
				CLANG_ENABLE_OBJC_WEAK = YES;
				CLANG_WARN_BLOCK_CAPTURE_AUTORELEASING = YES;
				CLANG_WARN_BOOL_CONVERSION = YES;
				CLANG_WARN_COMMA = YES;
				CLANG_WARN_CONSTANT_CONVERSION = YES;
				CLANG_WARN_DEPRECATED_OBJC_IMPLEMENTATIONS = YES;
				CLANG_WARN_DIRECT_OBJC_ISA_USAGE = YES_ERROR;
				CLANG_WARN_DOCUMENTATION_COMMENTS = YES;
				CLANG_WARN_EMPTY_BODY = YES;
				CLANG_WARN_ENUM_CONVERSION = YES;
				CLANG_WARN_INFINITE_RECURSION = YES;
				CLANG_WARN_INT_CONVERSION = YES;
				CLANG_WARN_NON_LITERAL_NULL_CONVERSION = YES;
				CLANG_WARN_OBJC_IMPLICIT_RETAIN_SELF = YES;
				CLANG_WARN_OBJC_LITERAL_CONVERSION = YES;
				CLANG_WARN_OBJC_ROOT_CLASS = YES_ERROR;
				CLANG_WARN_QUOTED_INCLUDE_IN_FRAMEWORK_HEADER = YES;
				CLANG_WARN_RANGE_LOOP_ANALYSIS = YES;
				CLANG_WARN_STRICT_PROTOTYPES = YES;
				CLANG_WARN_SUSPICIOUS_MOVE = YES;
				CLANG_WARN_UNGUARDED_AVAILABILITY = YES_AGGRESSIVE;
				CLANG_WARN_UNREACHABLE_CODE = YES;
				CLANG_WARN__DUPLICATE_METHOD_MATCH = YES;
				COPY_PHASE_STRIP = NO;
				DEBUG_INFORMATION_FORMAT = "dwarf-with-dsym";
				ENABLE_NS_ASSERTIONS = NO;
				ENABLE_STRICT_OBJC_MSGSEND = YES;
				GCC_C_LANGUAGE_STANDARD = gnu11;
				GCC_NO_COMMON_BLOCKS = YES;
				GCC_WARN_64_TO_32_BIT_CONVERSION = YES;
				GCC_WARN_ABOUT_RETURN_TYPE = YES_ERROR;
				GCC_WARN_UNDECLARED_SELECTOR = YES;
				GCC_WARN_UNINITIALIZED_AUTOS = YES_AGGRESSIVE;
				GCC_WARN_UNUSED_FUNCTION = YES;
				GCC_WARN_UNUSED_VARIABLE = YES;
				IPHONEOS_DEPLOYMENT_TARGET = 16.0;
				MTL_ENABLE_DEBUG_INFO = NO;
				MTL_FAST_MATH = YES;
				SDKROOT = iphoneos;
				SWIFT_COMPILATION_MODE = wholemodule;
				SWIFT_OPTIMIZATION_LEVEL = "-O";
				VALIDATE_PRODUCT = YES;
			};
			name = Release;
		};
		4F0050992D4837BC0072C84F /* Debug */ = {
			isa = XCBuildConfiguration;
			buildSettings = {
				ASSETCATALOG_COMPILER_APPICON_NAME = AppIcon;
				ASSETCATALOG_COMPILER_GLOBAL_ACCENT_COLOR_NAME = AccentColor;
				CODE_SIGN_STYLE = Automatic;
				CURRENT_PROJECT_VERSION = 1;
				DEVELOPMENT_ASSET_PATHS = "\"IgClone/Preview Content\"";
				DEVELOPMENT_TEAM = U278MZ55GY;
				ENABLE_PREVIEWS = YES;
				GENERATE_INFOPLIST_FILE = YES;
				INFOPLIST_KEY_UIApplicationSceneManifest_Generation = YES;
				INFOPLIST_KEY_UIApplicationSupportsIndirectInputEvents = YES;
				INFOPLIST_KEY_UILaunchScreen_Generation = YES;
				INFOPLIST_KEY_UISupportedInterfaceOrientations_iPad = "UIInterfaceOrientationPortrait UIInterfaceOrientationPortraitUpsideDown UIInterfaceOrientationLandscapeLeft UIInterfaceOrientationLandscapeRight";
				INFOPLIST_KEY_UISupportedInterfaceOrientations_iPhone = "UIInterfaceOrientationPortrait UIInterfaceOrientationLandscapeLeft UIInterfaceOrientationLandscapeRight";
				LD_RUNPATH_SEARCH_PATHS = (
					"$(inherited)",
					"@executable_path/Frameworks",
				);
				MARKETING_VERSION = 1.0;
				PRODUCT_BUNDLE_IDENTIFIER = io.doh.IgClone;
				PRODUCT_NAME = "$(TARGET_NAME)";
				SWIFT_EMIT_LOC_STRINGS = YES;
				SWIFT_VERSION = 5.0;
				TARGETED_DEVICE_FAMILY = "1,2";
			};
			name = Debug;
		};
		4F00509A2D4837BC0072C84F /* Release */ = {
			isa = XCBuildConfiguration;
			buildSettings = {
				ASSETCATALOG_COMPILER_APPICON_NAME = AppIcon;
				ASSETCATALOG_COMPILER_GLOBAL_ACCENT_COLOR_NAME = AccentColor;
				CODE_SIGN_STYLE = Automatic;
				CURRENT_PROJECT_VERSION = 1;
				DEVELOPMENT_ASSET_PATHS = "\"IgClone/Preview Content\"";
				DEVELOPMENT_TEAM = U278MZ55GY;
				ENABLE_PREVIEWS = YES;
				GENERATE_INFOPLIST_FILE = YES;
				INFOPLIST_KEY_UIApplicationSceneManifest_Generation = YES;
				INFOPLIST_KEY_UIApplicationSupportsIndirectInputEvents = YES;
				INFOPLIST_KEY_UILaunchScreen_Generation = YES;
				INFOPLIST_KEY_UISupportedInterfaceOrientations_iPad = "UIInterfaceOrientationPortrait UIInterfaceOrientationPortraitUpsideDown UIInterfaceOrientationLandscapeLeft UIInterfaceOrientationLandscapeRight";
				INFOPLIST_KEY_UISupportedInterfaceOrientations_iPhone = "UIInterfaceOrientationPortrait UIInterfaceOrientationLandscapeLeft UIInterfaceOrientationLandscapeRight";
				LD_RUNPATH_SEARCH_PATHS = (
					"$(inherited)",
					"@executable_path/Frameworks",
				);
				MARKETING_VERSION = 1.0;
				PRODUCT_BUNDLE_IDENTIFIER = io.doh.IgClone;
				PRODUCT_NAME = "$(TARGET_NAME)";
				SWIFT_EMIT_LOC_STRINGS = YES;
				SWIFT_VERSION = 5.0;
				TARGETED_DEVICE_FAMILY = "1,2";
			};
			name = Release;
		};
/* End XCBuildConfiguration section */

/* Begin XCConfigurationList section */
		4F0050852D4837BA0072C84F /* Build configuration list for PBXProject "IgClone" */ = {
			isa = XCConfigurationList;
			buildConfigurations = (
				4F0050962D4837BC0072C84F /* Debug */,
				4F0050972D4837BC0072C84F /* Release */,
			);
			defaultConfigurationIsVisible = 0;
			defaultConfigurationName = Release;
		};
		4F0050982D4837BC0072C84F /* Build configuration list for PBXNativeTarget "IgClone" */ = {
			isa = XCConfigurationList;
			buildConfigurations = (
				4F0050992D4837BC0072C84F /* Debug */,
				4F00509A2D4837BC0072C84F /* Release */,
			);
			defaultConfigurationIsVisible = 0;
			defaultConfigurationName = Release;
		};
/* End XCConfigurationList section */
	};
	rootObject = 4F0050822D4837BA0072C84F /* Project object */;
}
